
Microsoft Visual Studio Solution File, Format Version 12.00
# Visual Studio Version 16
VisualStudioVersion = 16.0.29102.190
MinimumVisualStudioVersion = 10.0.40219.1
Project("{9A19103F-16F7-4668-BE54-9A1E7A4F7556}") = "ExecutionPrograms", "ExecutionPrograms.csproj", "{99E0D6FA-67C7-46DB-884C-F074B5B0F81D}"
EndProject
Global
	GlobalSection(SolutionConfigurationPlatforms) = preSolution
		Debug|Any CPU = Debug|Any CPU
		Release|Any CPU = Release|Any CPU
	EndGlobalSection
	GlobalSection(ProjectConfigurationPlatforms) = postSolution
		{99E0D6FA-67C7-46DB-884C-F074B5B0F81D}.Debug|Any CPU.ActiveCfg = Debug|Any CPU
		{99E0D6FA-67C7-46DB-884C-F074B5B0F81D}.Debug|Any CPU.Build.0 = Debug|Any CPU
		{99E0D6FA-67C7-46DB-884C-F074B5B0F81D}.Release|Any CPU.ActiveCfg = Release|Any CPU
		{99E0D6FA-67C7-46DB-884C-F074B5B0F81D}.Release|Any CPU.Build.0 = Release|Any CPU
	EndGlobalSection
	GlobalSection(SolutionProperties) = preSolution
		HideSolutionNode = FALSE
	EndGlobalSection
	GlobalSection(ExtensibilityGlobals) = postSolution
		SolutionGuid = {11B08482-346C-4F4B-B47A-79A0521B8656}
	EndGlobalSection
EndGlobal
