
Microsoft Visual Studio Solution File, Format Version 12.00
# Visual Studio Version 16
VisualStudioVersion = 16.0.29102.190
MinimumVisualStudioVersion = 10.0.40219.1
Project("{FAE04EC0-301F-11D3-BF4B-00C04F79EFBC}") = "DesignPatterns", "DesignPatterns.csproj", "{E3613FD4-E9DD-4908-B7C9-673ACD54EA19}"
EndProject
Global
	GlobalSection(SolutionConfigurationPlatforms) = preSolution
		Debug|Any CPU = Debug|Any CPU
		Release|Any CPU = Release|Any CPU
	EndGlobalSection
	GlobalSection(ProjectConfigurationPlatforms) = postSolution
		{E3613FD4-E9DD-4908-B7C9-673ACD54EA19}.Debug|Any CPU.ActiveCfg = Debug|Any CPU
		{E3613FD4-E9DD-4908-B7C9-673ACD54EA19}.Debug|Any CPU.Build.0 = Debug|Any CPU
		{E3613FD4-E9DD-4908-B7C9-673ACD54EA19}.Release|Any CPU.ActiveCfg = Release|Any CPU
		{E3613FD4-E9DD-4908-B7C9-673ACD54EA19}.Release|Any CPU.Build.0 = Release|Any CPU
	EndGlobalSection
	GlobalSection(SolutionProperties) = preSolution
		HideSolutionNode = FALSE
	EndGlobalSection
	GlobalSection(ExtensibilityGlobals) = postSolution
		SolutionGuid = {13687D6A-BB8E-43CF-9E14-CBC994C53B32}
	EndGlobalSection
EndGlobal
